
Microsoft Visual Studio Solution File, Format Version 12.00
# Visual Studio 14
VisualStudioVersion = 14.0.25420.1
MinimumVisualStudioVersion = 10.0.40219.1
Project("{2150E333-8FDC-42A3-9474-1A3956D46DE8}") = "src", "src", "{A5BA59B0-3721-4688-B8EE-C97F45DA5EB8}"
EndProject
Project("{2150E333-8FDC-42A3-9474-1A3956D46DE8}") = "Solution Items", "Solution Items", "{74BFD254-BD1E-4DEF-8219-83D51ABF4415}"
	ProjectSection(SolutionItems) = preProject
		global.json = global.json
	EndProjectSection
EndProject
Project("{8BB2217D-0F2D-49D1-97BC-3654ED321F3B}") = "DoNetCoreDemoWeb", "src\DoNetCoreDemo\DoNetCoreDemoWeb.xproj", "{7039CB89-B483-4F74-AF12-F60C9D27C3F4}"
EndProject
Global
	GlobalSection(SolutionConfigurationPlatforms) = preSolution
		Debug|Any CPU = Debug|Any CPU
		Release|Any CPU = Release|Any CPU
	EndGlobalSection
	GlobalSection(ProjectConfigurationPlatforms) = postSolution
		{7039CB89-B483-4F74-AF12-F60C9D27C3F4}.Debug|Any CPU.ActiveCfg = Debug|Any CPU
		{7039CB89-B483-4F74-AF12-F60C9D27C3F4}.Debug|Any CPU.Build.0 = Debug|Any CPU
		{7039CB89-B483-4F74-AF12-F60C9D27C3F4}.Release|Any CPU.ActiveCfg = Release|Any CPU
		{7039CB89-B483-4F74-AF12-F60C9D27C3F4}.Release|Any CPU.Build.0 = Release|Any CPU
	EndGlobalSection
	GlobalSection(SolutionProperties) = preSolution
		HideSolutionNode = FALSE
	EndGlobalSection
	GlobalSection(NestedProjects) = preSolution
		{7039CB89-B483-4F74-AF12-F60C9D27C3F4} = {A5BA59B0-3721-4688-B8EE-C97F45DA5EB8}
	EndGlobalSection
EndGlobal
